<?xml version="1.0" encoding="utf-8"?>
<Project ToolsVersion="4.0" xmlns="http://schemas.microsoft.com/developer/msbuild/2003">
  <ItemGroup>
    <Filter Include="Source Files">
      <UniqueIdentifier>{4FC737F1-C7A5-4376-A066-2A32D752A2FF}</UniqueIdentifier>
      <Extensions>cpp;c;cc;cxx;c++;cppm;ixx;def;odl;idl;hpj;bat;asm;asmx</Extensions>
    </Filter>
    <Filter Include="Header Files">
      <UniqueIdentifier>{93995380-89BD-4b04-88EB-625FBE52EBFB}</UniqueIdentifier>
      <Extensions>h;hh;hpp;hxx;h++;hm;inl;inc;ipp;xsd</Extensions>
    </Filter>
    <Filter Include="Resource Files">
      <UniqueIdentifier>{67DA6AB6-F800-4c08-8B7A-83BB121AAD01}</UniqueIdentifier>
      <Extensions>rc;ico;cur;bmp;dlg;rc2;rct;bin;rgs;gif;jpg;jpeg;jpe;resx;tiff;tif;png;wav;mfcribbon-ms</Extensions>
    </Filter>
  </ItemGroup>
  <ItemGroup>
    <ClCompile Include="main.cpp">
      <Filter>Source Files</Filter>
    </ClCompile>
    <ClCompile Include="Game.cpp">
      <Filter>Source Files</Filter>
    </ClCompile>
    <ClCompile Include="Level.cpp">
      <Filter>Source Files</Filter>
    </ClCompile>
    <ClCompile Include="Button.cpp">
      <Filter>Source Files</Filter>
    </ClCompile>
    <ClCompile Include="Entity.cpp">
      <Filter>Source Files</Filter>
    </ClCompile>
    <ClCompile Include="TextureManager.cpp">
      <Filter>Source Files</Filter>
    </ClCompile>
    <ClCompile Include="GameObjectManager.cpp">
      <Filter>Source Files</Filter>
    </ClCompile>
    <ClCompile Include="Media\Pieces\FiveStarG.cpp">
      <Filter>Source Files</Filter>
    </ClCompile>
    <ClCompile Include="Media\Pieces\FourStarG.cpp">
      <Filter>Source Files</Filter>
    </ClCompile>
    <ClCompile Include="Media\Pieces\ThreeStarG.cpp">
      <Filter>Source Files</Filter>
    </ClCompile>
    <ClCompile Include="Media\Pieces\TwoStarG.cpp">
      <Filter>Source Files</Filter>
    </ClCompile>
    <ClCompile Include="Media\Pieces\OneStarG.cpp">
      <Filter>Source Files</Filter>
    </ClCompile>
    <ClCompile Include="Media\Pieces\LtCol.cpp">
      <Filter>Source Files</Filter>
    </ClCompile>
    <ClCompile Include="Media\Pieces\Colonel.cpp">
      <Filter>Source Files</Filter>
    </ClCompile>
    <ClCompile Include="Media\Pieces\Major.cpp">
      <Filter>Source Files</Filter>
    </ClCompile>
    <ClCompile Include="Media\Pieces\Captain.cpp">
      <Filter>Source Files</Filter>
    </ClCompile>
    <ClCompile Include="Media\Pieces\FirstLt.cpp">
      <Filter>Source Files</Filter>
    </ClCompile>
    <ClCompile Include="Media\Pieces\SecondLt.cpp">
      <Filter>Source Files</Filter>
    </ClCompile>
    <ClCompile Include="Media\Pieces\Sergeant.cpp">
      <Filter>Source Files</Filter>
    </ClCompile>
    <ClCompile Include="Media\Pieces\Spy.cpp">
      <Filter>Source Files</Filter>
    </ClCompile>
    <ClCompile Include="Media\Pieces\Private.cpp">
      <Filter>Source Files</Filter>
    </ClCompile>
    <ClCompile Include="Media\Pieces\Flag.cpp">
      <Filter>Source Files</Filter>
    </ClCompile>
    <ClCompile Include="Media\Pieces\GameObject.cpp">
      <Filter>Source Files</Filter>
    </ClCompile>
    <ClCompile Include="Board.cpp">
      <Filter>Source Files</Filter>
    </ClCompile>
  </ItemGroup>
  <ItemGroup>
    <ClInclude Include="Game.h">
      <Filter>Header Files</Filter>
    </ClInclude>
    <ClInclude Include="Level.h">
      <Filter>Header Files</Filter>
    </ClInclude>
    <ClInclude Include="Button.h">
      <Filter>Header Files</Filter>
    </ClInclude>
    <ClInclude Include="Entity.h">
      <Filter>Header Files</Filter>
    </ClInclude>
    <ClInclude Include="TextureManager.h">
      <Filter>Header Files</Filter>
    </ClInclude>
    <ClInclude Include="GameObjectManager.h">
      <Filter>Header Files</Filter>
    </ClInclude>
    <ClInclude Include="Media\Pieces\FiveStarG.h">
      <Filter>Header Files</Filter>
    </ClInclude>
    <ClInclude Include="Media\Pieces\FourStarG.h">
      <Filter>Header Files</Filter>
    </ClInclude>
    <ClInclude Include="Media\Pieces\ThreeStarG.h">
      <Filter>Header Files</Filter>
    </ClInclude>
    <ClInclude Include="Media\Pieces\TwoStarG.h">
      <Filter>Header Files</Filter>
    </ClInclude>
    <ClInclude Include="Media\Pieces\OneStarG.h">
      <Filter>Header Files</Filter>
    </ClInclude>
    <ClInclude Include="Media\Pieces\LtCol.h">
      <Filter>Header Files</Filter>
    </ClInclude>
    <ClInclude Include="Media\Pieces\Colonel.h">
      <Filter>Header Files</Filter>
    </ClInclude>
    <ClInclude Include="Media\Pieces\Major.h">
      <Filter>Header Files</Filter>
    </ClInclude>
    <ClInclude Include="Media\Pieces\Captain.h">
      <Filter>Header Files</Filter>
    </ClInclude>
    <ClInclude Include="Media\Pieces\FirstLt.h">
      <Filter>Header Files</Filter>
    </ClInclude>
    <ClInclude Include="Media\Pieces\SecondLt.h">
      <Filter>Header Files</Filter>
    </ClInclude>
    <ClInclude Include="Media\Pieces\Sergeant.h">
      <Filter>Header Files</Filter>
    </ClInclude>
    <ClInclude Include="Media\Pieces\Spy.h">
      <Filter>Header Files</Filter>
    </ClInclude>
    <ClInclude Include="Media\Pieces\Private.h">
      <Filter>Header Files</Filter>
    </ClInclude>
    <ClInclude Include="Media\Pieces\Flag.h">
      <Filter>Header Files</Filter>
    </ClInclude>
    <ClInclude Include="Media\Pieces\GameObject.h">
      <Filter>Header Files</Filter>
    </ClInclude>
    <ClInclude Include="Board.h">
      <Filter>Header Files</Filter>
    </ClInclude>
  </ItemGroup>
</Project>